// !$*UTF8*$!
{
	archiveVersion = 1;
	classes = {
	};
	objectVersion = 56;
	objects = {

/* Begin PBXBuildFile section */
		CF4815F22AA11F610057EF4F /* TruvideoSdk in Frameworks */ = {isa = PBXBuildFile; productRef = CF4815F12AA11F610057EF4F /* TruvideoSdk */; };
		CF4815F52AA120B60057EF4F /* TruvideoSdkCamera in Frameworks */ = {isa = PBXBuildFile; productRef = CF4815F42AA120B60057EF4F /* TruvideoSdkCamera */; };
		CFF778D72A9CE2D000934631 /* CameraAppApp.swift in Sources */ = {isa = PBXBuildFile; fileRef = CFF778D62A9CE2D000934631 /* CameraAppApp.swift */; };
		CFF778D92A9CE2D000934631 /* ContentView.swift in Sources */ = {isa = PBXBuildFile; fileRef = CFF778D82A9CE2D000934631 /* ContentView.swift */; };
		CFF778DB2A9CE2D100934631 /* Assets.xcassets in Resources */ = {isa = PBXBuildFile; fileRef = CFF778DA2A9CE2D100934631 /* Assets.xcassets */; };
		CFF778DE2A9CE2D100934631 /* Preview Assets.xcassets in Resources */ = {isa = PBXBuildFile; fileRef = CFF778DD2A9CE2D100934631 /* Preview Assets.xcassets */; };
		CFF778E82A9CE2D100934631 /* CameraAppTests.swift in Sources */ = {isa = PBXBuildFile; fileRef = CFF778E72A9CE2D100934631 /* CameraAppTests.swift */; };
		CFF778F22A9CE2D100934631 /* CameraAppUITests.swift in Sources */ = {isa = PBXBuildFile; fileRef = CFF778F12A9CE2D100934631 /* CameraAppUITests.swift */; };
		CFF778F42A9CE2D100934631 /* CameraAppUITestsLaunchTests.swift in Sources */ = {isa = PBXBuildFile; fileRef = CFF778F32A9CE2D100934631 /* CameraAppUITestsLaunchTests.swift */; };
		CFF779042A9CE54300934631 /* InitViewModel.swift in Sources */ = {isa = PBXBuildFile; fileRef = CFF779032A9CE54300934631 /* InitViewModel.swift */; };
		CFF7790C2A9D052F00934631 /* DataLoad.swift in Sources */ = {isa = PBXBuildFile; fileRef = CFF7790B2A9D052F00934631 /* DataLoad.swift */; };
		CFF7790F2A9D05AA00934631 /* AuthenticateParameters.swift in Sources */ = {isa = PBXBuildFile; fileRef = CFF7790E2A9D05AA00934631 /* AuthenticateParameters.swift */; };
/* End PBXBuildFile section */

/* Begin PBXContainerItemProxy section */
		CFF778E42A9CE2D100934631 /* PBXContainerItemProxy */ = {
			isa = PBXContainerItemProxy;
			containerPortal = CFF778CB2A9CE2D000934631 /* Project object */;
			proxyType = 1;
			remoteGlobalIDString = CFF778D22A9CE2D000934631;
			remoteInfo = CameraApp;
		};
		CFF778EE2A9CE2D100934631 /* PBXContainerItemProxy */ = {
			isa = PBXContainerItemProxy;
			containerPortal = CFF778CB2A9CE2D000934631 /* Project object */;
			proxyType = 1;
			remoteGlobalIDString = CFF778D22A9CE2D000934631;
			remoteInfo = CameraApp;
		};
/* End PBXContainerItemProxy section */

/* Begin PBXFileReference section */
		CF4815F62AA1213A0057EF4F /* CameraApp.entitlements */ = {isa = PBXFileReference; lastKnownFileType = text.plist.entitlements; path = CameraApp.entitlements; sourceTree = "<group>"; };
		CFF778D32A9CE2D000934631 /* CameraApp.app */ = {isa = PBXFileReference; explicitFileType = wrapper.application; includeInIndex = 0; path = CameraApp.app; sourceTree = BUILT_PRODUCTS_DIR; };
		CFF778D62A9CE2D000934631 /* CameraAppApp.swift */ = {isa = PBXFileReference; lastKnownFileType = sourcecode.swift; path = CameraAppApp.swift; sourceTree = "<group>"; };
		CFF778D82A9CE2D000934631 /* ContentView.swift */ = {isa = PBXFileReference; lastKnownFileType = sourcecode.swift; path = ContentView.swift; sourceTree = "<group>"; };
		CFF778DA2A9CE2D100934631 /* Assets.xcassets */ = {isa = PBXFileReference; lastKnownFileType = folder.assetcatalog; path = Assets.xcassets; sourceTree = "<group>"; };
		CFF778DD2A9CE2D100934631 /* Preview Assets.xcassets */ = {isa = PBXFileReference; lastKnownFileType = folder.assetcatalog; path = "Preview Assets.xcassets"; sourceTree = "<group>"; };
		CFF778E32A9CE2D100934631 /* CameraAppTests.xctest */ = {isa = PBXFileReference; explicitFileType = wrapper.cfbundle; includeInIndex = 0; path = CameraAppTests.xctest; sourceTree = BUILT_PRODUCTS_DIR; };
		CFF778E72A9CE2D100934631 /* CameraAppTests.swift */ = {isa = PBXFileReference; lastKnownFileType = sourcecode.swift; path = CameraAppTests.swift; sourceTree = "<group>"; };
		CFF778ED2A9CE2D100934631 /* CameraAppUITests.xctest */ = {isa = PBXFileReference; explicitFileType = wrapper.cfbundle; includeInIndex = 0; path = CameraAppUITests.xctest; sourceTree = BUILT_PRODUCTS_DIR; };
		CFF778F12A9CE2D100934631 /* CameraAppUITests.swift */ = {isa = PBXFileReference; lastKnownFileType = sourcecode.swift; path = CameraAppUITests.swift; sourceTree = "<group>"; };
		CFF778F32A9CE2D100934631 /* CameraAppUITestsLaunchTests.swift */ = {isa = PBXFileReference; lastKnownFileType = sourcecode.swift; path = CameraAppUITestsLaunchTests.swift; sourceTree = "<group>"; };
		CFF779032A9CE54300934631 /* InitViewModel.swift */ = {isa = PBXFileReference; lastKnownFileType = sourcecode.swift; path = InitViewModel.swift; sourceTree = "<group>"; };
		CFF7790B2A9D052F00934631 /* DataLoad.swift */ = {isa = PBXFileReference; lastKnownFileType = sourcecode.swift; path = DataLoad.swift; sourceTree = "<group>"; };
		CFF7790E2A9D05AA00934631 /* AuthenticateParameters.swift */ = {isa = PBXFileReference; lastKnownFileType = sourcecode.swift; path = AuthenticateParameters.swift; sourceTree = "<group>"; };
/* End PBXFileReference section */

/* Begin PBXFrameworksBuildPhase section */
		CFF778D02A9CE2D000934631 /* Frameworks */ = {
			isa = PBXFrameworksBuildPhase;
			buildActionMask = 2147483647;
			files = (
				CF4815F52AA120B60057EF4F /* TruvideoSdkCamera in Frameworks */,
				CF4815F22AA11F610057EF4F /* TruvideoSdk in Frameworks */,
			);
			runOnlyForDeploymentPostprocessing = 0;
		};
		CFF778E02A9CE2D100934631 /* Frameworks */ = {
			isa = PBXFrameworksBuildPhase;
			buildActionMask = 2147483647;
			files = (
			);
			runOnlyForDeploymentPostprocessing = 0;
		};
		CFF778EA2A9CE2D100934631 /* Frameworks */ = {
			isa = PBXFrameworksBuildPhase;
			buildActionMask = 2147483647;
			files = (
			);
			runOnlyForDeploymentPostprocessing = 0;
		};
/* End PBXFrameworksBuildPhase section */

/* Begin PBXGroup section */
		CFF778CA2A9CE2D000934631 = {
			isa = PBXGroup;
			children = (
				CFF778D52A9CE2D000934631 /* CameraApp */,
				CFF778E62A9CE2D100934631 /* CameraAppTests */,
				CFF778F02A9CE2D100934631 /* CameraAppUITests */,
				CFF778D42A9CE2D000934631 /* Products */,
				CFF779082A9CEE4600934631 /* Frameworks */,
			);
			sourceTree = "<group>";
		};
		CFF778D42A9CE2D000934631 /* Products */ = {
			isa = PBXGroup;
			children = (
				CFF778D32A9CE2D000934631 /* CameraApp.app */,
				CFF778E32A9CE2D100934631 /* CameraAppTests.xctest */,
				CFF778ED2A9CE2D100934631 /* CameraAppUITests.xctest */,
			);
			name = Products;
			sourceTree = "<group>";
		};
		CFF778D52A9CE2D000934631 /* CameraApp */ = {
			isa = PBXGroup;
			children = (
				CF4815F62AA1213A0057EF4F /* CameraApp.entitlements */,
				CFF779022A9CE50700934631 /* View Model */,
				CFF778D62A9CE2D000934631 /* CameraAppApp.swift */,
				CFF778D82A9CE2D000934631 /* ContentView.swift */,
				CFF778DA2A9CE2D100934631 /* Assets.xcassets */,
				CFF778DC2A9CE2D100934631 /* Preview Content */,
			);
			path = CameraApp;
			sourceTree = "<group>";
		};
		CFF778DC2A9CE2D100934631 /* Preview Content */ = {
			isa = PBXGroup;
			children = (
				CFF778DD2A9CE2D100934631 /* Preview Assets.xcassets */,
			);
			path = "Preview Content";
			sourceTree = "<group>";
		};
		CFF778E62A9CE2D100934631 /* CameraAppTests */ = {
			isa = PBXGroup;
			children = (
				CFF778E72A9CE2D100934631 /* CameraAppTests.swift */,
			);
			path = CameraAppTests;
			sourceTree = "<group>";
		};
		CFF778F02A9CE2D100934631 /* CameraAppUITests */ = {
			isa = PBXGroup;
			children = (
				CFF778F12A9CE2D100934631 /* CameraAppUITests.swift */,
				CFF778F32A9CE2D100934631 /* CameraAppUITestsLaunchTests.swift */,
			);
			path = CameraAppUITests;
			sourceTree = "<group>";
		};
		CFF779022A9CE50700934631 /* View Model */ = {
			isa = PBXGroup;
			children = (
				CFF7790D2A9D059A00934631 /* Models */,
				CFF779032A9CE54300934631 /* InitViewModel.swift */,
			);
			path = "View Model";
			sourceTree = "<group>";
		};
		CFF779082A9CEE4600934631 /* Frameworks */ = {
			isa = PBXGroup;
			children = (
			);
			name = Frameworks;
			sourceTree = "<group>";
		};
		CFF7790D2A9D059A00934631 /* Models */ = {
			isa = PBXGroup;
			children = (
				CFF7790B2A9D052F00934631 /* DataLoad.swift */,
				CFF7790E2A9D05AA00934631 /* AuthenticateParameters.swift */,
			);
			path = Models;
			sourceTree = "<group>";
		};
/* End PBXGroup section */

/* Begin PBXNativeTarget section */
		CFF778D22A9CE2D000934631 /* CameraApp */ = {
			isa = PBXNativeTarget;
			buildConfigurationList = CFF778F72A9CE2D100934631 /* Build configuration list for PBXNativeTarget "CameraApp" */;
			buildPhases = (
				CFF778CF2A9CE2D000934631 /* Sources */,
				CFF778D02A9CE2D000934631 /* Frameworks */,
				CFF778D12A9CE2D000934631 /* Resources */,
			);
			buildRules = (
			);
			dependencies = (
			);
			name = CameraApp;
			packageProductDependencies = (
				CF4815F12AA11F610057EF4F /* TruvideoSdk */,
				CF4815F42AA120B60057EF4F /* TruvideoSdkCamera */,
			);
			productName = CameraApp;
			productReference = CFF778D32A9CE2D000934631 /* CameraApp.app */;
			productType = "com.apple.product-type.application";
		};
		CFF778E22A9CE2D100934631 /* CameraAppTests */ = {
			isa = PBXNativeTarget;
			buildConfigurationList = CFF778FA2A9CE2D100934631 /* Build configuration list for PBXNativeTarget "CameraAppTests" */;
			buildPhases = (
				CFF778DF2A9CE2D100934631 /* Sources */,
				CFF778E02A9CE2D100934631 /* Frameworks */,
				CFF778E12A9CE2D100934631 /* Resources */,
			);
			buildRules = (
			);
			dependencies = (
				CFF778E52A9CE2D100934631 /* PBXTargetDependency */,
			);
			name = CameraAppTests;
			productName = CameraAppTests;
			productReference = CFF778E32A9CE2D100934631 /* CameraAppTests.xctest */;
			productType = "com.apple.product-type.bundle.unit-test";
		};
		CFF778EC2A9CE2D100934631 /* CameraAppUITests */ = {
			isa = PBXNativeTarget;
			buildConfigurationList = CFF778FD2A9CE2D100934631 /* Build configuration list for PBXNativeTarget "CameraAppUITests" */;
			buildPhases = (
				CFF778E92A9CE2D100934631 /* Sources */,
				CFF778EA2A9CE2D100934631 /* Frameworks */,
				CFF778EB2A9CE2D100934631 /* Resources */,
			);
			buildRules = (
			);
			dependencies = (
				CFF778EF2A9CE2D100934631 /* PBXTargetDependency */,
			);
			name = CameraAppUITests;
			productName = CameraAppUITests;
			productReference = CFF778ED2A9CE2D100934631 /* CameraAppUITests.xctest */;
			productType = "com.apple.product-type.bundle.ui-testing";
		};
/* End PBXNativeTarget section */

/* Begin PBXProject section */
		CFF778CB2A9CE2D000934631 /* Project object */ = {
			isa = PBXProject;
			attributes = {
				BuildIndependentTargetsInParallel = 1;
				LastSwiftUpdateCheck = 1410;
				LastUpgradeCheck = 1410;
				TargetAttributes = {
					CFF778D22A9CE2D000934631 = {
						CreatedOnToolsVersion = 14.1;
					};
					CFF778E22A9CE2D100934631 = {
						CreatedOnToolsVersion = 14.1;
						TestTargetID = CFF778D22A9CE2D000934631;
					};
					CFF778EC2A9CE2D100934631 = {
						CreatedOnToolsVersion = 14.1;
						TestTargetID = CFF778D22A9CE2D000934631;
					};
				};
			};
			buildConfigurationList = CFF778CE2A9CE2D000934631 /* Build configuration list for PBXProject "CameraApp" */;
			compatibilityVersion = "Xcode 14.0";
			developmentRegion = en;
			hasScannedForEncodings = 0;
			knownRegions = (
				en,
				Base,
			);
			mainGroup = CFF778CA2A9CE2D000934631;
			packageReferences = (
				CF4815F02AA11F610057EF4F /* XCRemoteSwiftPackageReference "truvideo-sdk-ios-core" */,
				CF4815F32AA120B60057EF4F /* XCRemoteSwiftPackageReference "truvideo-sdk-ios-camera" */,
			);
			productRefGroup = CFF778D42A9CE2D000934631 /* Products */;
			projectDirPath = "";
			projectRoot = "";
			targets = (
				CFF778D22A9CE2D000934631 /* CameraApp */,
				CFF778E22A9CE2D100934631 /* CameraAppTests */,
				CFF778EC2A9CE2D100934631 /* CameraAppUITests */,
			);
		};
/* End PBXProject section */

/* Begin PBXResourcesBuildPhase section */
		CFF778D12A9CE2D000934631 /* Resources */ = {
			isa = PBXResourcesBuildPhase;
			buildActionMask = 2147483647;
			files = (
				CFF778DE2A9CE2D100934631 /* Preview Assets.xcassets in Resources */,
				CFF778DB2A9CE2D100934631 /* Assets.xcassets in Resources */,
			);
			runOnlyForDeploymentPostprocessing = 0;
		};
		CFF778E12A9CE2D100934631 /* Resources */ = {
			isa = PBXResourcesBuildPhase;
			buildActionMask = 2147483647;
			files = (
			);
			runOnlyForDeploymentPostprocessing = 0;
		};
		CFF778EB2A9CE2D100934631 /* Resources */ = {
			isa = PBXResourcesBuildPhase;
			buildActionMask = 2147483647;
			files = (
			);
			runOnlyForDeploymentPostprocessing = 0;
		};
/* End PBXResourcesBuildPhase section */

/* Begin PBXSourcesBuildPhase section */
		CFF778CF2A9CE2D000934631 /* Sources */ = {
			isa = PBXSourcesBuildPhase;
			buildActionMask = 2147483647;
			files = (
				CFF778D92A9CE2D000934631 /* ContentView.swift in Sources */,
				CFF778D72A9CE2D000934631 /* CameraAppApp.swift in Sources */,
				CFF779042A9CE54300934631 /* InitViewModel.swift in Sources */,
				CFF7790F2A9D05AA00934631 /* AuthenticateParameters.swift in Sources */,
				CFF7790C2A9D052F00934631 /* DataLoad.swift in Sources */,
			);
			runOnlyForDeploymentPostprocessing = 0;
		};
		CFF778DF2A9CE2D100934631 /* Sources */ = {
			isa = PBXSourcesBuildPhase;
			buildActionMask = 2147483647;
			files = (
				CFF778E82A9CE2D100934631 /* CameraAppTests.swift in Sources */,
			);
			runOnlyForDeploymentPostprocessing = 0;
		};
		CFF778E92A9CE2D100934631 /* Sources */ = {
			isa = PBXSourcesBuildPhase;
			buildActionMask = 2147483647;
			files = (
				CFF778F22A9CE2D100934631 /* CameraAppUITests.swift in Sources */,
				CFF778F42A9CE2D100934631 /* CameraAppUITestsLaunchTests.swift in Sources */,
			);
			runOnlyForDeploymentPostprocessing = 0;
		};
/* End PBXSourcesBuildPhase section */

/* Begin PBXTargetDependency section */
		CFF778E52A9CE2D100934631 /* PBXTargetDependency */ = {
			isa = PBXTargetDependency;
			target = CFF778D22A9CE2D000934631 /* CameraApp */;
			targetProxy = CFF778E42A9CE2D100934631 /* PBXContainerItemProxy */;
		};
		CFF778EF2A9CE2D100934631 /* PBXTargetDependency */ = {
			isa = PBXTargetDependency;
			target = CFF778D22A9CE2D000934631 /* CameraApp */;
			targetProxy = CFF778EE2A9CE2D100934631 /* PBXContainerItemProxy */;
		};
/* End PBXTargetDependency section */

/* Begin XCBuildConfiguration section */
		CFF778F52A9CE2D100934631 /* Debug */ = {
			isa = XCBuildConfiguration;
			buildSettings = {
				ALWAYS_SEARCH_USER_PATHS = NO;
				CLANG_ANALYZER_NONNULL = YES;
				CLANG_ANALYZER_NUMBER_OBJECT_CONVERSION = YES_AGGRESSIVE;
				CLANG_CXX_LANGUAGE_STANDARD = "gnu++20";
				CLANG_ENABLE_MODULES = YES;
				CLANG_ENABLE_OBJC_ARC = YES;
				CLANG_ENABLE_OBJC_WEAK = YES;
				CLANG_WARN_BLOCK_CAPTURE_AUTORELEASING = YES;
				CLANG_WARN_BOOL_CONVERSION = YES;
				CLANG_WARN_COMMA = YES;
				CLANG_WARN_CONSTANT_CONVERSION = YES;
				CLANG_WARN_DEPRECATED_OBJC_IMPLEMENTATIONS = YES;
				CLANG_WARN_DIRECT_OBJC_ISA_USAGE = YES_ERROR;
				CLANG_WARN_DOCUMENTATION_COMMENTS = YES;
				CLANG_WARN_EMPTY_BODY = YES;
				CLANG_WARN_ENUM_CONVERSION = YES;
				CLANG_WARN_INFINITE_RECURSION = YES;
				CLANG_WARN_INT_CONVERSION = YES;
				CLANG_WARN_NON_LITERAL_NULL_CONVERSION = YES;
				CLANG_WARN_OBJC_IMPLICIT_RETAIN_SELF = YES;
				CLANG_WARN_OBJC_LITERAL_CONVERSION = YES;
				CLANG_WARN_OBJC_ROOT_CLASS = YES_ERROR;
				CLANG_WARN_QUOTED_INCLUDE_IN_FRAMEWORK_HEADER = YES;
				CLANG_WARN_RANGE_LOOP_ANALYSIS = YES;
				CLANG_WARN_STRICT_PROTOTYPES = YES;
				CLANG_WARN_SUSPICIOUS_MOVE = YES;
				CLANG_WARN_UNGUARDED_AVAILABILITY = YES_AGGRESSIVE;
				CLANG_WARN_UNREACHABLE_CODE = YES;
				CLANG_WARN__DUPLICATE_METHOD_MATCH = YES;
				COPY_PHASE_STRIP = NO;
				DEBUG_INFORMATION_FORMAT = dwarf;
				ENABLE_STRICT_OBJC_MSGSEND = YES;
				ENABLE_TESTABILITY = YES;
				GCC_C_LANGUAGE_STANDARD = gnu11;
				GCC_DYNAMIC_NO_PIC = NO;
				GCC_NO_COMMON_BLOCKS = YES;
				GCC_OPTIMIZATION_LEVEL = 0;
				GCC_PREPROCESSOR_DEFINITIONS = (
					"DEBUG=1",
					"$(inherited)",
				);
				GCC_WARN_64_TO_32_BIT_CONVERSION = YES;
				GCC_WARN_ABOUT_RETURN_TYPE = YES_ERROR;
				GCC_WARN_UNDECLARED_SELECTOR = YES;
				GCC_WARN_UNINITIALIZED_AUTOS = YES_AGGRESSIVE;
				GCC_WARN_UNUSED_FUNCTION = YES;
				GCC_WARN_UNUSED_VARIABLE = YES;
				IPHONEOS_DEPLOYMENT_TARGET = 16.1;
				MTL_ENABLE_DEBUG_INFO = INCLUDE_SOURCE;
				MTL_FAST_MATH = YES;
				ONLY_ACTIVE_ARCH = YES;
				SDKROOT = iphoneos;
				SWIFT_ACTIVE_COMPILATION_CONDITIONS = DEBUG;
				SWIFT_OPTIMIZATION_LEVEL = "-Onone";
				SWIFT_VERSION = 5.0;
			};
			name = Debug;
		};
		CFF778F62A9CE2D100934631 /* Release */ = {
			isa = XCBuildConfiguration;
			buildSettings = {
				ALWAYS_SEARCH_USER_PATHS = NO;
				CLANG_ANALYZER_NONNULL = YES;
				CLANG_ANALYZER_NUMBER_OBJECT_CONVERSION = YES_AGGRESSIVE;
				CLANG_CXX_LANGUAGE_STANDARD = "gnu++20";
				CLANG_ENABLE_MODULES = YES;
				CLANG_ENABLE_OBJC_ARC = YES;
				CLANG_ENABLE_OBJC_WEAK = YES;
				CLANG_WARN_BLOCK_CAPTURE_AUTORELEASING = YES;
				CLANG_WARN_BOOL_CONVERSION = YES;
				CLANG_WARN_COMMA = YES;
				CLANG_WARN_CONSTANT_CONVERSION = YES;
				CLANG_WARN_DEPRECATED_OBJC_IMPLEMENTATIONS = YES;
				CLANG_WARN_DIRECT_OBJC_ISA_USAGE = YES_ERROR;
				CLANG_WARN_DOCUMENTATION_COMMENTS = YES;
				CLANG_WARN_EMPTY_BODY = YES;
				CLANG_WARN_ENUM_CONVERSION = YES;
				CLANG_WARN_INFINITE_RECURSION = YES;
				CLANG_WARN_INT_CONVERSION = YES;
				CLANG_WARN_NON_LITERAL_NULL_CONVERSION = YES;
				CLANG_WARN_OBJC_IMPLICIT_RETAIN_SELF = YES;
				CLANG_WARN_OBJC_LITERAL_CONVERSION = YES;
				CLANG_WARN_OBJC_ROOT_CLASS = YES_ERROR;
				CLANG_WARN_QUOTED_INCLUDE_IN_FRAMEWORK_HEADER = YES;
				CLANG_WARN_RANGE_LOOP_ANALYSIS = YES;
				CLANG_WARN_STRICT_PROTOTYPES = YES;
				CLANG_WARN_SUSPICIOUS_MOVE = YES;
				CLANG_WARN_UNGUARDED_AVAILABILITY = YES_AGGRESSIVE;
				CLANG_WARN_UNREACHABLE_CODE = YES;
				CLANG_WARN__DUPLICATE_METHOD_MATCH = YES;
				COPY_PHASE_STRIP = NO;
				DEBUG_INFORMATION_FORMAT = "dwarf-with-dsym";
				ENABLE_NS_ASSERTIONS = NO;
				ENABLE_STRICT_OBJC_MSGSEND = YES;
				GCC_C_LANGUAGE_STANDARD = gnu11;
				GCC_NO_COMMON_BLOCKS = YES;
				GCC_WARN_64_TO_32_BIT_CONVERSION = YES;
				GCC_WARN_ABOUT_RETURN_TYPE = YES_ERROR;
				GCC_WARN_UNDECLARED_SELECTOR = YES;
				GCC_WARN_UNINITIALIZED_AUTOS = YES_AGGRESSIVE;
				GCC_WARN_UNUSED_FUNCTION = YES;
				GCC_WARN_UNUSED_VARIABLE = YES;
				IPHONEOS_DEPLOYMENT_TARGET = 16.1;
				MTL_ENABLE_DEBUG_INFO = NO;
				MTL_FAST_MATH = YES;
				SDKROOT = iphoneos;
				SWIFT_COMPILATION_MODE = wholemodule;
				SWIFT_OPTIMIZATION_LEVEL = "-O";
				SWIFT_VERSION = 5.0;
				VALIDATE_PRODUCT = YES;
			};
			name = Release;
		};
		CFF778F82A9CE2D100934631 /* Debug */ = {
			isa = XCBuildConfiguration;
			buildSettings = {
				ASSETCATALOG_COMPILER_APPICON_NAME = AppIcon;
				ASSETCATALOG_COMPILER_GLOBAL_ACCENT_COLOR_NAME = AccentColor;
				CODE_SIGN_ENTITLEMENTS = CameraApp/CameraApp.entitlements;
				CODE_SIGN_STYLE = Automatic;
				CURRENT_PROJECT_VERSION = 1;
				DEVELOPMENT_ASSET_PATHS = "\"CameraApp/Preview Content\"";
				DEVELOPMENT_TEAM = 45Y253478R;
				ENABLE_PREVIEWS = YES;
				GENERATE_INFOPLIST_FILE = YES;
				INFOPLIST_KEY_NSCameraUsageDescription = "For testing";
				INFOPLIST_KEY_NSMicrophoneUsageDescription = "For testing";
				INFOPLIST_KEY_UIApplicationSceneManifest_Generation = YES;
				INFOPLIST_KEY_UIApplicationSupportsIndirectInputEvents = YES;
				INFOPLIST_KEY_UILaunchScreen_Generation = YES;
				INFOPLIST_KEY_UISupportedInterfaceOrientations = UIInterfaceOrientationPortrait;
				IPHONEOS_DEPLOYMENT_TARGET = 16.0;
				LD_RUNPATH_SEARCH_PATHS = (
					"$(inherited)",
					"@executable_path/Frameworks",
				);
				MARKETING_VERSION = 1.0;
				PRODUCT_BUNDLE_IDENTIFIER = com.truvideo.CameraApp;
				PRODUCT_NAME = "$(TARGET_NAME)";
				SWIFT_EMIT_LOC_STRINGS = YES;
				SWIFT_VERSION = 5.0;
				TARGETED_DEVICE_FAMILY = "1,2";
			};
			name = Debug;
		};
		CFF778F92A9CE2D100934631 /* Release */ = {
			isa = XCBuildConfiguration;
			buildSettings = {
				ASSETCATALOG_COMPILER_APPICON_NAME = AppIcon;
				ASSETCATALOG_COMPILER_GLOBAL_ACCENT_COLOR_NAME = AccentColor;
				CODE_SIGN_ENTITLEMENTS = CameraApp/CameraApp.entitlements;
				CODE_SIGN_STYLE = Automatic;
				CURRENT_PROJECT_VERSION = 1;
				DEVELOPMENT_ASSET_PATHS = "\"CameraApp/Preview Content\"";
				DEVELOPMENT_TEAM = 45Y253478R;
				ENABLE_PREVIEWS = YES;
				GENERATE_INFOPLIST_FILE = YES;
				INFOPLIST_KEY_NSCameraUsageDescription = "For testing";
				INFOPLIST_KEY_NSMicrophoneUsageDescription = "For testing";
				INFOPLIST_KEY_UIApplicationSceneManifest_Generation = YES;
				INFOPLIST_KEY_UIApplicationSupportsIndirectInputEvents = YES;
				INFOPLIST_KEY_UILaunchScreen_Generation = YES;
				INFOPLIST_KEY_UISupportedInterfaceOrientations = UIInterfaceOrientationPortrait;
				IPHONEOS_DEPLOYMENT_TARGET = 16.0;
				LD_RUNPATH_SEARCH_PATHS = (
					"$(inherited)",
					"@executable_path/Frameworks",
				);
				MARKETING_VERSION = 1.0;
				PRODUCT_BUNDLE_IDENTIFIER = com.truvideo.CameraApp;
				PRODUCT_NAME = "$(TARGET_NAME)";
				SWIFT_EMIT_LOC_STRINGS = YES;
				SWIFT_VERSION = 5.0;
				TARGETED_DEVICE_FAMILY = "1,2";
			};
			name = Release;
		};
		CFF778FB2A9CE2D100934631 /* Debug */ = {
			isa = XCBuildConfiguration;
			buildSettings = {
				ALWAYS_EMBED_SWIFT_STANDARD_LIBRARIES = YES;
				BUNDLE_LOADER = "$(TEST_HOST)";
				CODE_SIGN_STYLE = Automatic;
				CURRENT_PROJECT_VERSION = 1;
				GENERATE_INFOPLIST_FILE = YES;
				IPHONEOS_DEPLOYMENT_TARGET = 16.1;
				MARKETING_VERSION = 1.0;
				PRODUCT_BUNDLE_IDENTIFIER = com.truvideo.CameraAppTests;
				PRODUCT_NAME = "$(TARGET_NAME)";
				SWIFT_EMIT_LOC_STRINGS = NO;
				SWIFT_VERSION = 5.0;
				TARGETED_DEVICE_FAMILY = "1,2";
				TEST_HOST = "$(BUILT_PRODUCTS_DIR)/CameraApp.app/$(BUNDLE_EXECUTABLE_FOLDER_PATH)/CameraApp";
			};
			name = Debug;
		};
		CFF778FC2A9CE2D100934631 /* Release */ = {
			isa = XCBuildConfiguration;
			buildSettings = {
				ALWAYS_EMBED_SWIFT_STANDARD_LIBRARIES = YES;
				BUNDLE_LOADER = "$(TEST_HOST)";
				CODE_SIGN_STYLE = Automatic;
				CURRENT_PROJECT_VERSION = 1;
				GENERATE_INFOPLIST_FILE = YES;
				IPHONEOS_DEPLOYMENT_TARGET = 16.1;
				MARKETING_VERSION = 1.0;
				PRODUCT_BUNDLE_IDENTIFIER = com.truvideo.CameraAppTests;
				PRODUCT_NAME = "$(TARGET_NAME)";
				SWIFT_EMIT_LOC_STRINGS = NO;
				SWIFT_VERSION = 5.0;
				TARGETED_DEVICE_FAMILY = "1,2";
				TEST_HOST = "$(BUILT_PRODUCTS_DIR)/CameraApp.app/$(BUNDLE_EXECUTABLE_FOLDER_PATH)/CameraApp";
			};
			name = Release;
		};
		CFF778FE2A9CE2D100934631 /* Debug */ = {
			isa = XCBuildConfiguration;
			buildSettings = {
				ALWAYS_EMBED_SWIFT_STANDARD_LIBRARIES = YES;
				CODE_SIGN_STYLE = Automatic;
				CURRENT_PROJECT_VERSION = 1;
				GENERATE_INFOPLIST_FILE = YES;
				MARKETING_VERSION = 1.0;
				PRODUCT_BUNDLE_IDENTIFIER = com.truvideo.CameraAppUITests;
				PRODUCT_NAME = "$(TARGET_NAME)";
				SWIFT_EMIT_LOC_STRINGS = NO;
				SWIFT_VERSION = 5.0;
				TARGETED_DEVICE_FAMILY = "1,2";
				TEST_TARGET_NAME = CameraApp;
			};
			name = Debug;
		};
		CFF778FF2A9CE2D100934631 /* Release */ = {
			isa = XCBuildConfiguration;
			buildSettings = {
				ALWAYS_EMBED_SWIFT_STANDARD_LIBRARIES = YES;
				CODE_SIGN_STYLE = Automatic;
				CURRENT_PROJECT_VERSION = 1;
				GENERATE_INFOPLIST_FILE = YES;
				MARKETING_VERSION = 1.0;
				PRODUCT_BUNDLE_IDENTIFIER = com.truvideo.CameraAppUITests;
				PRODUCT_NAME = "$(TARGET_NAME)";
				SWIFT_EMIT_LOC_STRINGS = NO;
				SWIFT_VERSION = 5.0;
				TARGETED_DEVICE_FAMILY = "1,2";
				TEST_TARGET_NAME = CameraApp;
			};
			name = Release;
		};
/* End XCBuildConfiguration section */

/* Begin XCConfigurationList section */
		CFF778CE2A9CE2D000934631 /* Build configuration list for PBXProject "CameraApp" */ = {
			isa = XCConfigurationList;
			buildConfigurations = (
				CFF778F52A9CE2D100934631 /* Debug */,
				CFF778F62A9CE2D100934631 /* Release */,
			);
			defaultConfigurationIsVisible = 0;
			defaultConfigurationName = Release;
		};
		CFF778F72A9CE2D100934631 /* Build configuration list for PBXNativeTarget "CameraApp" */ = {
			isa = XCConfigurationList;
			buildConfigurations = (
				CFF778F82A9CE2D100934631 /* Debug */,
				CFF778F92A9CE2D100934631 /* Release */,
			);
			defaultConfigurationIsVisible = 0;
			defaultConfigurationName = Release;
		};
		CFF778FA2A9CE2D100934631 /* Build configuration list for PBXNativeTarget "CameraAppTests" */ = {
			isa = XCConfigurationList;
			buildConfigurations = (
				CFF778FB2A9CE2D100934631 /* Debug */,
				CFF778FC2A9CE2D100934631 /* Release */,
			);
			defaultConfigurationIsVisible = 0;
			defaultConfigurationName = Release;
		};
		CFF778FD2A9CE2D100934631 /* Build configuration list for PBXNativeTarget "CameraAppUITests" */ = {
			isa = XCConfigurationList;
			buildConfigurations = (
				CFF778FE2A9CE2D100934631 /* Debug */,
				CFF778FF2A9CE2D100934631 /* Release */,
			);
			defaultConfigurationIsVisible = 0;
			defaultConfigurationName = Release;
		};
/* End XCConfigurationList section */

/* Begin XCRemoteSwiftPackageReference section */
		CF4815F02AA11F610057EF4F /* XCRemoteSwiftPackageReference "truvideo-sdk-ios-core" */ = {
			isa = XCRemoteSwiftPackageReference;
			repositoryURL = "https://github.com/Truvideo/truvideo-sdk-ios-core.git";
			requirement = {
				kind = upToNextMajorVersion;
				minimumVersion = 0.0.3;
			};
		};
		CF4815F32AA120B60057EF4F /* XCRemoteSwiftPackageReference "truvideo-sdk-ios-camera" */ = {
			isa = XCRemoteSwiftPackageReference;
			repositoryURL = "https://github.com/Truvideo/truvideo-sdk-ios-camera.git";
			requirement = {
				kind = upToNextMajorVersion;
				minimumVersion = 0.0.4;
			};
		};
/* End XCRemoteSwiftPackageReference section */

/* Begin XCSwiftPackageProductDependency section */
		CF4815F12AA11F610057EF4F /* TruvideoSdk */ = {
			isa = XCSwiftPackageProductDependency;
			package = CF4815F02AA11F610057EF4F /* XCRemoteSwiftPackageReference "truvideo-sdk-ios-core" */;
			productName = TruvideoSdk;
		};
		CF4815F42AA120B60057EF4F /* TruvideoSdkCamera */ = {
			isa = XCSwiftPackageProductDependency;
			package = CF4815F32AA120B60057EF4F /* XCRemoteSwiftPackageReference "truvideo-sdk-ios-camera" */;
			productName = TruvideoSdkCamera;
		};
/* End XCSwiftPackageProductDependency section */
	};
	rootObject = CFF778CB2A9CE2D000934631 /* Project object */;
}
