{
  "pins" : [
    {
      "identity" : "truvideo-sdk-ios-camera",
      "kind" : "remoteSourceControl",
      "location" : "https://github.com/Truvideo/truvideo-sdk-ios-camera.git",
      "state" : {
        "revision" : "5881a4abe5f919c18a569393ec99b9e2ead8add2",
        "version" : "0.0.6"
      }
    },
    {
      "identity" : "truvideo-sdk-ios-core",
      "kind" : "remoteSourceControl",
      "location" : "https://github.com/Truvideo/truvideo-sdk-ios-core.git",
      "state" : {
        "revision" : "3017f9a05973faaf1674bca1c6d0f0c15fb6dd44",
        "version" : "0.0.5"
      }
    }
  ],
  "version" : 2
}
