{
  "pins" : [
    {
      "identity" : "alamofire",
      "kind" : "remoteSourceControl",
      "location" : "https://github.com/Alamofire/Alamofire.git",
      "state" : {
        "branch" : "master",
        "revision" : "dc71baf4f1c263ceb419fc306e926a2bb3081c0b"
      }
    },
    {
      "identity" : "keychainaccess",
      "kind" : "remoteSourceControl",
      "location" : "https://github.com/kishikawakatsumi/KeychainAccess",
      "state" : {
        "branch" : "master",
        "revision" : "ecb18d8ce4d88277cc4fb103973352d91e18c535"
      }
    },
    {
      "identity" : "truvideo-sdk-ios-camera",
      "kind" : "remoteSourceControl",
      "location" : "https://github.com/Truvideo/truvideo-sdk-ios-camera.git",
      "state" : {
        "revision" : "d5413499ce03d93b13128b3399ba6778e2d591e2",
        "version" : "0.0.2"
      }
    },
    {
      "identity" : "truvideo-sdk-ios-common",
      "kind" : "remoteSourceControl",
      "location" : "https://github.com/Truvideo/truvideo-sdk-ios-common.git",
      "state" : {
        "revision" : "e04696ab5f283d52c4faeba3b06c3f60fae6c62f",
        "version" : "0.0.2"
      }
    },
    {
      "identity" : "truvideo-sdk-ios-core",
      "kind" : "remoteSourceControl",
      "location" : "https://github.com/Truvideo/truvideo-sdk-ios-core.git",
      "state" : {
        "revision" : "186c6773e815693982b5818d87d7a1079c6e840c",
        "version" : "0.0.1"
      }
    }
  ],
  "version" : 2
}
