{
  "pins" : [
    {
      "identity" : "truvideo-sdk-ios-camera",
      "kind" : "remoteSourceControl",
      "location" : "https://github.com/Truvideo/truvideo-sdk-ios-camera.git",
      "state" : {
        "revision" : "cb25909f4c146f9527e44d6610781182dea00234",
        "version" : "0.0.5"
      }
    },
    {
      "identity" : "truvideo-sdk-ios-core",
      "kind" : "remoteSourceControl",
      "location" : "https://github.com/Truvideo/truvideo-sdk-ios-core.git",
      "state" : {
        "revision" : "a1325e928521df08cae88b54e72f31159d01b29f",
        "version" : "0.0.4"
      }
    }
  ],
  "version" : 2
}
